
Microsoft Visual Studio Solution File, Format Version 12.00
# Visual Studio Version 16
VisualStudioVersion = 16.0.29519.181
MinimumVisualStudioVersion = 10.0.40219.1
Project("{2150E333-8FDC-42A3-9474-1A3956D46DE8}") = "src", "src", "{F16EFE45-D824-45E0-B71E-B5608C2FA0F1}"
EndProject
Project("{FAE04EC0-301F-11D3-BF4B-00C04F79EFBC}") = "UI", "src\UI\UI.csproj", "{98268EC6-53FF-46BC-B5EF-23726C7E17AA}"
EndProject
Project("{9A19103F-16F7-4668-BE54-9A1E7A4F7556}") = "DAL", "src\DAL\DAL.csproj", "{2B733135-4B4D-4AE4-A801-A9E898892225}"
EndProject
Project("{9A19103F-16F7-4668-BE54-9A1E7A4F7556}") = "BLL", "src\BLL\BLL.csproj", "{17D4C8DF-4789-405B-B8FB-22B6D715E201}"
EndProject
Global
	GlobalSection(SolutionConfigurationPlatforms) = preSolution
		Debug|Any CPU = Debug|Any CPU
		Release|Any CPU = Release|Any CPU
	EndGlobalSection
	GlobalSection(ProjectConfigurationPlatforms) = postSolution
		{98268EC6-53FF-46BC-B5EF-23726C7E17AA}.Debug|Any CPU.ActiveCfg = Debug|Any CPU
		{98268EC6-53FF-46BC-B5EF-23726C7E17AA}.Debug|Any CPU.Build.0 = Debug|Any CPU
		{98268EC6-53FF-46BC-B5EF-23726C7E17AA}.Release|Any CPU.ActiveCfg = Release|Any CPU
		{98268EC6-53FF-46BC-B5EF-23726C7E17AA}.Release|Any CPU.Build.0 = Release|Any CPU
		{2B733135-4B4D-4AE4-A801-A9E898892225}.Debug|Any CPU.ActiveCfg = Debug|Any CPU
		{2B733135-4B4D-4AE4-A801-A9E898892225}.Debug|Any CPU.Build.0 = Debug|Any CPU
		{2B733135-4B4D-4AE4-A801-A9E898892225}.Release|Any CPU.ActiveCfg = Release|Any CPU
		{2B733135-4B4D-4AE4-A801-A9E898892225}.Release|Any CPU.Build.0 = Release|Any CPU
		{17D4C8DF-4789-405B-B8FB-22B6D715E201}.Debug|Any CPU.ActiveCfg = Debug|Any CPU
		{17D4C8DF-4789-405B-B8FB-22B6D715E201}.Debug|Any CPU.Build.0 = Debug|Any CPU
		{17D4C8DF-4789-405B-B8FB-22B6D715E201}.Release|Any CPU.ActiveCfg = Release|Any CPU
		{17D4C8DF-4789-405B-B8FB-22B6D715E201}.Release|Any CPU.Build.0 = Release|Any CPU
	EndGlobalSection
	GlobalSection(SolutionProperties) = preSolution
		HideSolutionNode = FALSE
	EndGlobalSection
	GlobalSection(NestedProjects) = preSolution
		{98268EC6-53FF-46BC-B5EF-23726C7E17AA} = {F16EFE45-D824-45E0-B71E-B5608C2FA0F1}
		{2B733135-4B4D-4AE4-A801-A9E898892225} = {F16EFE45-D824-45E0-B71E-B5608C2FA0F1}
		{17D4C8DF-4789-405B-B8FB-22B6D715E201} = {F16EFE45-D824-45E0-B71E-B5608C2FA0F1}
	EndGlobalSection
	GlobalSection(ExtensibilityGlobals) = postSolution
		SolutionGuid = {E63F1C55-6B87-457A-AF0A-9B53DEE8A657}
	EndGlobalSection
EndGlobal
